
Microsoft Visual Studio Solution File, Format Version 12.00
# Visual Studio 15
VisualStudioVersion = 15.0.27130.2010
MinimumVisualStudioVersion = 10.0.40219.1
Project("{2150E333-8FDC-42A3-9474-1A3956D46DE8}") = "_Core", "_Core", "{CB2AD5D8-BEB1-4ECE-AE11-F468369D9108}"
EndProject
Project("{2150E333-8FDC-42A3-9474-1A3956D46DE8}") = "_Framework", "_Framework", "{1BDD5467-D185-478C-AF16-813D07AE00F2}"
EndProject
Project("{FAE04EC0-301F-11D3-BF4B-00C04F79EFBC}") = "Ronzl.Core.Cache", "Ronzl.Core.Cache\Ronzl.Core.Cache.csproj", "{58D85EB2-759D-4D64-A5E4-8AF42F519CD5}"
EndProject
Project("{FAE04EC0-301F-11D3-BF4B-00C04F79EFBC}") = "Ronzl.Core.Config", "Ronzl.Core.Config\Ronzl.Core.Config.csproj", "{2E54433D-18CB-4944-B106-2E709148C26D}"
EndProject
Project("{FAE04EC0-301F-11D3-BF4B-00C04F79EFBC}") = "Ronzl.Core.Log", "Ronzl.Core.Log\Ronzl.Core.Log.csproj", "{E7106547-C043-4581-AC92-BDF16C34AF3C}"
EndProject
Project("{FAE04EC0-301F-11D3-BF4B-00C04F79EFBC}") = "Ronzl.Core.Service", "Ronzl.Core.Service\Ronzl.Core.Service.csproj", "{765A21DC-A1C6-4D72-8884-CA851FBDA3F3}"
EndProject
Project("{FAE04EC0-301F-11D3-BF4B-00C04F79EFBC}") = "Ronzl.Core.Upload", "Ronzl.Core.Upload\Ronzl.Core.Upload.csproj", "{BD49FCE9-369E-46E2-96AE-F6C3BC1E2B40}"
EndProject
Project("{FAE04EC0-301F-11D3-BF4B-00C04F79EFBC}") = "Ronzl.Framework.Contract", "Ronzl.Framework.Contract\Ronzl.Framework.Contract.csproj", "{B46B77A8-4F40-4150-842C-0D1CB2DB7743}"
EndProject
Project("{FAE04EC0-301F-11D3-BF4B-00C04F79EFBC}") = "Ronzl.Framework.DAL", "Ronzl.Framework.DAL\Ronzl.Framework.DAL.csproj", "{F9111ADE-DEA0-402B-8FD6-7123449C11B6}"
EndProject
Project("{FAE04EC0-301F-11D3-BF4B-00C04F79EFBC}") = "Ronzl.Framework.Utility", "Ronzl.Framework.Utility\Ronzl.Framework.Utility.csproj", "{C9A4010F-1E3C-4EC5-8A10-520388453958}"
EndProject
Project("{2150E333-8FDC-42A3-9474-1A3956D46DE8}") = "Common", "Common", "{F64B91B6-9C02-474A-B778-ACDD99755497}"
EndProject
Project("{FAE04EC0-301F-11D3-BF4B-00C04F79EFBC}") = "Ronzl.Common.BLL", "Ronzl.Common.BLL\Ronzl.Common.BLL.csproj", "{F4C676FA-FF1A-43A6-8F51-DF6C880812DB}"
EndProject
Project("{FAE04EC0-301F-11D3-BF4B-00C04F79EFBC}") = "Ronzl.Common.Contract", "Ronzl.Common.Contract\Ronzl.Common.Contract.csproj", "{AE447E5E-DB6B-4A37-AEEB-D6C7E80861F0}"
EndProject
Project("{FAE04EC0-301F-11D3-BF4B-00C04F79EFBC}") = "Ronzl.Common.DAL", "Ronzl.Common.DAL\Ronzl.Common.DAL.csproj", "{78608078-EEAE-4330-AF2B-B5BBCED868EB}"
EndProject
Project("{FAE04EC0-301F-11D3-BF4B-00C04F79EFBC}") = "WebApi", "WebApi\WebApi.csproj", "{5D7A3450-8C26-4DDC-9256-737D20908CFC}"
EndProject
Project("{FAE04EC0-301F-11D3-BF4B-00C04F79EFBC}") = "WebApi.Tests", "WebApi.Tests\WebApi.Tests.csproj", "{E2E9484D-99D4-44B7-8BC0-F18726F2F6C5}"
EndProject
Global
	GlobalSection(SolutionConfigurationPlatforms) = preSolution
		Debug|Any CPU = Debug|Any CPU
		Release|Any CPU = Release|Any CPU
	EndGlobalSection
	GlobalSection(ProjectConfigurationPlatforms) = postSolution
		{58D85EB2-759D-4D64-A5E4-8AF42F519CD5}.Debug|Any CPU.ActiveCfg = Debug|Any CPU
		{58D85EB2-759D-4D64-A5E4-8AF42F519CD5}.Debug|Any CPU.Build.0 = Debug|Any CPU
		{58D85EB2-759D-4D64-A5E4-8AF42F519CD5}.Release|Any CPU.ActiveCfg = Release|Any CPU
		{58D85EB2-759D-4D64-A5E4-8AF42F519CD5}.Release|Any CPU.Build.0 = Release|Any CPU
		{2E54433D-18CB-4944-B106-2E709148C26D}.Debug|Any CPU.ActiveCfg = Debug|Any CPU
		{2E54433D-18CB-4944-B106-2E709148C26D}.Debug|Any CPU.Build.0 = Debug|Any CPU
		{2E54433D-18CB-4944-B106-2E709148C26D}.Release|Any CPU.ActiveCfg = Release|Any CPU
		{2E54433D-18CB-4944-B106-2E709148C26D}.Release|Any CPU.Build.0 = Release|Any CPU
		{E7106547-C043-4581-AC92-BDF16C34AF3C}.Debug|Any CPU.ActiveCfg = Debug|Any CPU
		{E7106547-C043-4581-AC92-BDF16C34AF3C}.Debug|Any CPU.Build.0 = Debug|Any CPU
		{E7106547-C043-4581-AC92-BDF16C34AF3C}.Release|Any CPU.ActiveCfg = Release|Any CPU
		{E7106547-C043-4581-AC92-BDF16C34AF3C}.Release|Any CPU.Build.0 = Release|Any CPU
		{765A21DC-A1C6-4D72-8884-CA851FBDA3F3}.Debug|Any CPU.ActiveCfg = Debug|Any CPU
		{765A21DC-A1C6-4D72-8884-CA851FBDA3F3}.Debug|Any CPU.Build.0 = Debug|Any CPU
		{765A21DC-A1C6-4D72-8884-CA851FBDA3F3}.Release|Any CPU.ActiveCfg = Release|Any CPU
		{765A21DC-A1C6-4D72-8884-CA851FBDA3F3}.Release|Any CPU.Build.0 = Release|Any CPU
		{BD49FCE9-369E-46E2-96AE-F6C3BC1E2B40}.Debug|Any CPU.ActiveCfg = Debug|Any CPU
		{BD49FCE9-369E-46E2-96AE-F6C3BC1E2B40}.Debug|Any CPU.Build.0 = Debug|Any CPU
		{BD49FCE9-369E-46E2-96AE-F6C3BC1E2B40}.Release|Any CPU.ActiveCfg = Release|Any CPU
		{BD49FCE9-369E-46E2-96AE-F6C3BC1E2B40}.Release|Any CPU.Build.0 = Release|Any CPU
		{B46B77A8-4F40-4150-842C-0D1CB2DB7743}.Debug|Any CPU.ActiveCfg = Debug|Any CPU
		{B46B77A8-4F40-4150-842C-0D1CB2DB7743}.Debug|Any CPU.Build.0 = Debug|Any CPU
		{B46B77A8-4F40-4150-842C-0D1CB2DB7743}.Release|Any CPU.ActiveCfg = Release|Any CPU
		{B46B77A8-4F40-4150-842C-0D1CB2DB7743}.Release|Any CPU.Build.0 = Release|Any CPU
		{F9111ADE-DEA0-402B-8FD6-7123449C11B6}.Debug|Any CPU.ActiveCfg = Debug|Any CPU
		{F9111ADE-DEA0-402B-8FD6-7123449C11B6}.Debug|Any CPU.Build.0 = Debug|Any CPU
		{F9111ADE-DEA0-402B-8FD6-7123449C11B6}.Release|Any CPU.ActiveCfg = Release|Any CPU
		{F9111ADE-DEA0-402B-8FD6-7123449C11B6}.Release|Any CPU.Build.0 = Release|Any CPU
		{C9A4010F-1E3C-4EC5-8A10-520388453958}.Debug|Any CPU.ActiveCfg = Debug|Any CPU
		{C9A4010F-1E3C-4EC5-8A10-520388453958}.Debug|Any CPU.Build.0 = Debug|Any CPU
		{C9A4010F-1E3C-4EC5-8A10-520388453958}.Release|Any CPU.ActiveCfg = Release|Any CPU
		{C9A4010F-1E3C-4EC5-8A10-520388453958}.Release|Any CPU.Build.0 = Release|Any CPU
		{F4C676FA-FF1A-43A6-8F51-DF6C880812DB}.Debug|Any CPU.ActiveCfg = Debug|Any CPU
		{F4C676FA-FF1A-43A6-8F51-DF6C880812DB}.Debug|Any CPU.Build.0 = Debug|Any CPU
		{F4C676FA-FF1A-43A6-8F51-DF6C880812DB}.Release|Any CPU.ActiveCfg = Release|Any CPU
		{F4C676FA-FF1A-43A6-8F51-DF6C880812DB}.Release|Any CPU.Build.0 = Release|Any CPU
		{AE447E5E-DB6B-4A37-AEEB-D6C7E80861F0}.Debug|Any CPU.ActiveCfg = Debug|Any CPU
		{AE447E5E-DB6B-4A37-AEEB-D6C7E80861F0}.Debug|Any CPU.Build.0 = Debug|Any CPU
		{AE447E5E-DB6B-4A37-AEEB-D6C7E80861F0}.Release|Any CPU.ActiveCfg = Release|Any CPU
		{AE447E5E-DB6B-4A37-AEEB-D6C7E80861F0}.Release|Any CPU.Build.0 = Release|Any CPU
		{78608078-EEAE-4330-AF2B-B5BBCED868EB}.Debug|Any CPU.ActiveCfg = Debug|Any CPU
		{78608078-EEAE-4330-AF2B-B5BBCED868EB}.Debug|Any CPU.Build.0 = Debug|Any CPU
		{78608078-EEAE-4330-AF2B-B5BBCED868EB}.Release|Any CPU.ActiveCfg = Release|Any CPU
		{78608078-EEAE-4330-AF2B-B5BBCED868EB}.Release|Any CPU.Build.0 = Release|Any CPU
		{5D7A3450-8C26-4DDC-9256-737D20908CFC}.Debug|Any CPU.ActiveCfg = Debug|Any CPU
		{5D7A3450-8C26-4DDC-9256-737D20908CFC}.Debug|Any CPU.Build.0 = Debug|Any CPU
		{5D7A3450-8C26-4DDC-9256-737D20908CFC}.Release|Any CPU.ActiveCfg = Release|Any CPU
		{5D7A3450-8C26-4DDC-9256-737D20908CFC}.Release|Any CPU.Build.0 = Release|Any CPU
		{E2E9484D-99D4-44B7-8BC0-F18726F2F6C5}.Debug|Any CPU.ActiveCfg = Debug|Any CPU
		{E2E9484D-99D4-44B7-8BC0-F18726F2F6C5}.Debug|Any CPU.Build.0 = Debug|Any CPU
		{E2E9484D-99D4-44B7-8BC0-F18726F2F6C5}.Release|Any CPU.ActiveCfg = Release|Any CPU
		{E2E9484D-99D4-44B7-8BC0-F18726F2F6C5}.Release|Any CPU.Build.0 = Release|Any CPU
	EndGlobalSection
	GlobalSection(SolutionProperties) = preSolution
		HideSolutionNode = FALSE
	EndGlobalSection
	GlobalSection(NestedProjects) = preSolution
		{58D85EB2-759D-4D64-A5E4-8AF42F519CD5} = {CB2AD5D8-BEB1-4ECE-AE11-F468369D9108}
		{2E54433D-18CB-4944-B106-2E709148C26D} = {CB2AD5D8-BEB1-4ECE-AE11-F468369D9108}
		{E7106547-C043-4581-AC92-BDF16C34AF3C} = {CB2AD5D8-BEB1-4ECE-AE11-F468369D9108}
		{765A21DC-A1C6-4D72-8884-CA851FBDA3F3} = {CB2AD5D8-BEB1-4ECE-AE11-F468369D9108}
		{BD49FCE9-369E-46E2-96AE-F6C3BC1E2B40} = {CB2AD5D8-BEB1-4ECE-AE11-F468369D9108}
		{B46B77A8-4F40-4150-842C-0D1CB2DB7743} = {1BDD5467-D185-478C-AF16-813D07AE00F2}
		{F9111ADE-DEA0-402B-8FD6-7123449C11B6} = {1BDD5467-D185-478C-AF16-813D07AE00F2}
		{C9A4010F-1E3C-4EC5-8A10-520388453958} = {1BDD5467-D185-478C-AF16-813D07AE00F2}
		{F4C676FA-FF1A-43A6-8F51-DF6C880812DB} = {F64B91B6-9C02-474A-B778-ACDD99755497}
		{AE447E5E-DB6B-4A37-AEEB-D6C7E80861F0} = {F64B91B6-9C02-474A-B778-ACDD99755497}
		{78608078-EEAE-4330-AF2B-B5BBCED868EB} = {F64B91B6-9C02-474A-B778-ACDD99755497}
	EndGlobalSection
	GlobalSection(ExtensibilityGlobals) = postSolution
		SolutionGuid = {BD1827CF-C949-4B20-8560-F997BED7B53B}
	EndGlobalSection
EndGlobal
